
Microsoft Visual Studio Solution File, Format Version 12.00
# Visual Studio Version 17
VisualStudioVersion = 17.5.002.0
MinimumVisualStudioVersion = 10.0.40219.1
Project("{9A19103F-16F7-4668-BE54-9A1E7A4F7556}") = "EKS-Windows-Bootstrapper", "EKS-Windows-Bootstrapper.csproj", "{71EF3D0F-FAB8-48D9-A5F1-C059AB3DC4BD}"
EndProject
Global
	GlobalSection(SolutionConfigurationPlatforms) = preSolution
		Debug|Any CPU = Debug|Any CPU
		Release|Any CPU = Release|Any CPU
	EndGlobalSection
	GlobalSection(ProjectConfigurationPlatforms) = postSolution
		{71EF3D0F-FAB8-48D9-A5F1-C059AB3DC4BD}.Debug|Any CPU.ActiveCfg = Debug|Any CPU
		{71EF3D0F-FAB8-48D9-A5F1-C059AB3DC4BD}.Debug|Any CPU.Build.0 = Debug|Any CPU
		{71EF3D0F-FAB8-48D9-A5F1-C059AB3DC4BD}.Release|Any CPU.ActiveCfg = Release|Any CPU
		{71EF3D0F-FAB8-48D9-A5F1-C059AB3DC4BD}.Release|Any CPU.Build.0 = Release|Any CPU
	EndGlobalSection
	GlobalSection(SolutionProperties) = preSolution
		HideSolutionNode = FALSE
	EndGlobalSection
	GlobalSection(ExtensibilityGlobals) = postSolution
		SolutionGuid = {F0B23925-85C6-462F-942C-62410341FEBD}
	EndGlobalSection
EndGlobal
